
Microsoft Visual Studio Solution File, Format Version 11.00
# Visual Studio 2010
Project("{FAE04EC0-301F-11D3-BF4B-00C04F79EFBC}") = "iClockBridgeService", "iClockBridgeService.csproj", "{BC7AB6A4-B337-45C1-BBFE-6BDCE96C2509}"
EndProject
Project("{FAE04EC0-301F-11D3-BF4B-00C04F79EFBC}") = "PushUsersTask", "..\PushUsersTask\PushUsersTask.csproj", "{5861332B-3394-4548-A1D8-06F83F537E67}"
EndProject
Project("{FAE04EC0-301F-11D3-BF4B-00C04F79EFBC}") = "DbConnPostgre", "..\DbConn\DbConn\DbConnPostgre\DbConnPostgre.csproj", "{4F129B6D-155F-452C-AC5F-334B79001CE2}"
EndProject
Project("{FAE04EC0-301F-11D3-BF4B-00C04F79EFBC}") = "DbConn", "..\DbConn\DbConn\DbConn\DbConn.csproj", "{CED1D065-3A45-467C-BF69-53EC651535BB}"
EndProject
Global
	GlobalSection(SolutionConfigurationPlatforms) = preSolution
		Debug|Any CPU = Debug|Any CPU
		Debug|Mixed Platforms = Debug|Mixed Platforms
		Debug|x86 = Debug|x86
		Release|Any CPU = Release|Any CPU
		Release|Mixed Platforms = Release|Mixed Platforms
		Release|x86 = Release|x86
	EndGlobalSection
	GlobalSection(ProjectConfigurationPlatforms) = postSolution
		{BC7AB6A4-B337-45C1-BBFE-6BDCE96C2509}.Debug|Any CPU.ActiveCfg = Debug|x86
		{BC7AB6A4-B337-45C1-BBFE-6BDCE96C2509}.Debug|Mixed Platforms.ActiveCfg = Debug|x86
		{BC7AB6A4-B337-45C1-BBFE-6BDCE96C2509}.Debug|Mixed Platforms.Build.0 = Debug|x86
		{BC7AB6A4-B337-45C1-BBFE-6BDCE96C2509}.Debug|x86.ActiveCfg = Debug|x86
		{BC7AB6A4-B337-45C1-BBFE-6BDCE96C2509}.Debug|x86.Build.0 = Debug|x86
		{BC7AB6A4-B337-45C1-BBFE-6BDCE96C2509}.Release|Any CPU.ActiveCfg = Release|x86
		{BC7AB6A4-B337-45C1-BBFE-6BDCE96C2509}.Release|Mixed Platforms.ActiveCfg = Release|x86
		{BC7AB6A4-B337-45C1-BBFE-6BDCE96C2509}.Release|Mixed Platforms.Build.0 = Release|x86
		{BC7AB6A4-B337-45C1-BBFE-6BDCE96C2509}.Release|x86.ActiveCfg = Release|x86
		{BC7AB6A4-B337-45C1-BBFE-6BDCE96C2509}.Release|x86.Build.0 = Release|x86
		{5861332B-3394-4548-A1D8-06F83F537E67}.Debug|Any CPU.ActiveCfg = Debug|x86
		{5861332B-3394-4548-A1D8-06F83F537E67}.Debug|Mixed Platforms.ActiveCfg = Debug|x86
		{5861332B-3394-4548-A1D8-06F83F537E67}.Debug|Mixed Platforms.Build.0 = Debug|x86
		{5861332B-3394-4548-A1D8-06F83F537E67}.Debug|x86.ActiveCfg = Debug|x86
		{5861332B-3394-4548-A1D8-06F83F537E67}.Debug|x86.Build.0 = Debug|x86
		{5861332B-3394-4548-A1D8-06F83F537E67}.Release|Any CPU.ActiveCfg = Release|x86
		{5861332B-3394-4548-A1D8-06F83F537E67}.Release|Mixed Platforms.ActiveCfg = Release|x86
		{5861332B-3394-4548-A1D8-06F83F537E67}.Release|Mixed Platforms.Build.0 = Release|x86
		{5861332B-3394-4548-A1D8-06F83F537E67}.Release|x86.ActiveCfg = Release|x86
		{5861332B-3394-4548-A1D8-06F83F537E67}.Release|x86.Build.0 = Release|x86
		{4F129B6D-155F-452C-AC5F-334B79001CE2}.Debug|Any CPU.ActiveCfg = Debug|Any CPU
		{4F129B6D-155F-452C-AC5F-334B79001CE2}.Debug|Any CPU.Build.0 = Debug|Any CPU
		{4F129B6D-155F-452C-AC5F-334B79001CE2}.Debug|Mixed Platforms.ActiveCfg = Debug|Any CPU
		{4F129B6D-155F-452C-AC5F-334B79001CE2}.Debug|Mixed Platforms.Build.0 = Debug|Any CPU
		{4F129B6D-155F-452C-AC5F-334B79001CE2}.Debug|x86.ActiveCfg = Debug|Any CPU
		{4F129B6D-155F-452C-AC5F-334B79001CE2}.Release|Any CPU.ActiveCfg = Release|Any CPU
		{4F129B6D-155F-452C-AC5F-334B79001CE2}.Release|Any CPU.Build.0 = Release|Any CPU
		{4F129B6D-155F-452C-AC5F-334B79001CE2}.Release|Mixed Platforms.ActiveCfg = Release|Any CPU
		{4F129B6D-155F-452C-AC5F-334B79001CE2}.Release|Mixed Platforms.Build.0 = Release|Any CPU
		{4F129B6D-155F-452C-AC5F-334B79001CE2}.Release|x86.ActiveCfg = Release|Any CPU
		{CED1D065-3A45-467C-BF69-53EC651535BB}.Debug|Any CPU.ActiveCfg = Debug|Any CPU
		{CED1D065-3A45-467C-BF69-53EC651535BB}.Debug|Any CPU.Build.0 = Debug|Any CPU
		{CED1D065-3A45-467C-BF69-53EC651535BB}.Debug|Mixed Platforms.ActiveCfg = Debug|Any CPU
		{CED1D065-3A45-467C-BF69-53EC651535BB}.Debug|Mixed Platforms.Build.0 = Debug|Any CPU
		{CED1D065-3A45-467C-BF69-53EC651535BB}.Debug|x86.ActiveCfg = Debug|Any CPU
		{CED1D065-3A45-467C-BF69-53EC651535BB}.Release|Any CPU.ActiveCfg = Release|Any CPU
		{CED1D065-3A45-467C-BF69-53EC651535BB}.Release|Any CPU.Build.0 = Release|Any CPU
		{CED1D065-3A45-467C-BF69-53EC651535BB}.Release|Mixed Platforms.ActiveCfg = Release|Any CPU
		{CED1D065-3A45-467C-BF69-53EC651535BB}.Release|Mixed Platforms.Build.0 = Release|Any CPU
		{CED1D065-3A45-467C-BF69-53EC651535BB}.Release|x86.ActiveCfg = Release|Any CPU
	EndGlobalSection
	GlobalSection(SolutionProperties) = preSolution
		HideSolutionNode = FALSE
	EndGlobalSection
EndGlobal
